
Microsoft Visual Studio Solution File, Format Version 12.00
# Visual Studio 15
VisualStudioVersion = 15.0.27130.2027
MinimumVisualStudioVersion = 10.0.40219.1
Project("{FAE04EC0-301F-11D3-BF4B-00C04F79EFBC}") = "LabViewClient", "LabViewClient\LabViewClient.csproj", "{51B37C3E-EEBF-4D5C-912A-28D79878F545}"
EndProject
Global
	GlobalSection(SolutionConfigurationPlatforms) = preSolution
		Debug|Any CPU = Debug|Any CPU
		Release|Any CPU = Release|Any CPU
	EndGlobalSection
	GlobalSection(ProjectConfigurationPlatforms) = postSolution
		{51B37C3E-EEBF-4D5C-912A-28D79878F545}.Debug|Any CPU.ActiveCfg = Debug|Any CPU
		{51B37C3E-EEBF-4D5C-912A-28D79878F545}.Debug|Any CPU.Build.0 = Debug|Any CPU
		{51B37C3E-EEBF-4D5C-912A-28D79878F545}.Release|Any CPU.ActiveCfg = Release|Any CPU
		{51B37C3E-EEBF-4D5C-912A-28D79878F545}.Release|Any CPU.Build.0 = Release|Any CPU
	EndGlobalSection
	GlobalSection(SolutionProperties) = preSolution
		HideSolutionNode = FALSE
	EndGlobalSection
	GlobalSection(ExtensibilityGlobals) = postSolution
		SolutionGuid = {9212AF72-9288-463D-84C9-A1C772E56CD3}
	EndGlobalSection
EndGlobal
